
Microsoft Visual Studio Solution File, Format Version 12.00
# Visual Studio Version 17
VisualStudioVersion = 17.7.34202.233
MinimumVisualStudioVersion = 10.0.40219.1
Project("{8BC9CEB8-8B4A-11D0-8D11-00A0C91BC942}") = "Ex01", "Ex01\Ex01.vcxproj", "{71DE87B1-9196-412D-B285-67006B6F9172}"
EndProject
Project("{8BC9CEB8-8B4A-11D0-8D11-00A0C91BC942}") = "Ex02", "Ex02\Ex02.vcxproj", "{96D14A6D-C42E-4BE5-9799-534A7F3802E6}"
EndProject
Project("{8BC9CEB8-8B4A-11D0-8D11-00A0C91BC942}") = "Ex03", "Ex03\Ex03.vcxproj", "{B56B5BC6-6AA5-44F0-B1DE-D4F8B8F564C4}"
EndProject
Project("{8BC9CEB8-8B4A-11D0-8D11-00A0C91BC942}") = "Ex04", "Ex04\Ex04.vcxproj", "{F7BAD0D3-AED9-42EB-9293-2B488CCC1CD9}"
EndProject
Global
	GlobalSection(SolutionConfigurationPlatforms) = preSolution
		Debug|x64 = Debug|x64
		Debug|x86 = Debug|x86
		Release|x64 = Release|x64
		Release|x86 = Release|x86
	EndGlobalSection
	GlobalSection(ProjectConfigurationPlatforms) = postSolution
		{71DE87B1-9196-412D-B285-67006B6F9172}.Debug|x64.ActiveCfg = Debug|x64
		{71DE87B1-9196-412D-B285-67006B6F9172}.Debug|x64.Build.0 = Debug|x64
		{71DE87B1-9196-412D-B285-67006B6F9172}.Debug|x86.ActiveCfg = Debug|Win32
		{71DE87B1-9196-412D-B285-67006B6F9172}.Debug|x86.Build.0 = Debug|Win32
		{71DE87B1-9196-412D-B285-67006B6F9172}.Release|x64.ActiveCfg = Release|x64
		{71DE87B1-9196-412D-B285-67006B6F9172}.Release|x64.Build.0 = Release|x64
		{71DE87B1-9196-412D-B285-67006B6F9172}.Release|x86.ActiveCfg = Release|Win32
		{71DE87B1-9196-412D-B285-67006B6F9172}.Release|x86.Build.0 = Release|Win32
		{96D14A6D-C42E-4BE5-9799-534A7F3802E6}.Debug|x64.ActiveCfg = Debug|x64
		{96D14A6D-C42E-4BE5-9799-534A7F3802E6}.Debug|x64.Build.0 = Debug|x64
		{96D14A6D-C42E-4BE5-9799-534A7F3802E6}.Debug|x86.ActiveCfg = Debug|Win32
		{96D14A6D-C42E-4BE5-9799-534A7F3802E6}.Debug|x86.Build.0 = Debug|Win32
		{96D14A6D-C42E-4BE5-9799-534A7F3802E6}.Release|x64.ActiveCfg = Release|x64
		{96D14A6D-C42E-4BE5-9799-534A7F3802E6}.Release|x64.Build.0 = Release|x64
		{96D14A6D-C42E-4BE5-9799-534A7F3802E6}.Release|x86.ActiveCfg = Release|Win32
		{96D14A6D-C42E-4BE5-9799-534A7F3802E6}.Release|x86.Build.0 = Release|Win32
		{B56B5BC6-6AA5-44F0-B1DE-D4F8B8F564C4}.Debug|x64.ActiveCfg = Debug|x64
		{B56B5BC6-6AA5-44F0-B1DE-D4F8B8F564C4}.Debug|x64.Build.0 = Debug|x64
		{B56B5BC6-6AA5-44F0-B1DE-D4F8B8F564C4}.Debug|x86.ActiveCfg = Debug|Win32
		{B56B5BC6-6AA5-44F0-B1DE-D4F8B8F564C4}.Debug|x86.Build.0 = Debug|Win32
		{B56B5BC6-6AA5-44F0-B1DE-D4F8B8F564C4}.Release|x64.ActiveCfg = Release|x64
		{B56B5BC6-6AA5-44F0-B1DE-D4F8B8F564C4}.Release|x64.Build.0 = Release|x64
		{B56B5BC6-6AA5-44F0-B1DE-D4F8B8F564C4}.Release|x86.ActiveCfg = Release|Win32
		{B56B5BC6-6AA5-44F0-B1DE-D4F8B8F564C4}.Release|x86.Build.0 = Release|Win32
		{F7BAD0D3-AED9-42EB-9293-2B488CCC1CD9}.Debug|x64.ActiveCfg = Debug|x64
		{F7BAD0D3-AED9-42EB-9293-2B488CCC1CD9}.Debug|x64.Build.0 = Debug|x64
		{F7BAD0D3-AED9-42EB-9293-2B488CCC1CD9}.Debug|x86.ActiveCfg = Debug|Win32
		{F7BAD0D3-AED9-42EB-9293-2B488CCC1CD9}.Debug|x86.Build.0 = Debug|Win32
		{F7BAD0D3-AED9-42EB-9293-2B488CCC1CD9}.Release|x64.ActiveCfg = Release|x64
		{F7BAD0D3-AED9-42EB-9293-2B488CCC1CD9}.Release|x64.Build.0 = Release|x64
		{F7BAD0D3-AED9-42EB-9293-2B488CCC1CD9}.Release|x86.ActiveCfg = Release|Win32
		{F7BAD0D3-AED9-42EB-9293-2B488CCC1CD9}.Release|x86.Build.0 = Release|Win32
	EndGlobalSection
	GlobalSection(SolutionProperties) = preSolution
		HideSolutionNode = FALSE
	EndGlobalSection
	GlobalSection(ExtensibilityGlobals) = postSolution
		SolutionGuid = {C2103CF3-61AC-493C-AE70-205FCF3867BD}
	EndGlobalSection
EndGlobal
