
Microsoft Visual Studio Solution File, Format Version 12.00
# Visual Studio Version 17
VisualStudioVersion = 17.7.34202.233
MinimumVisualStudioVersion = 10.0.40219.1
Project("{8BC9CEB8-8B4A-11D0-8D11-00A0C91BC942}") = "Ex01", "Ex01\Ex01.vcxproj", "{6975B715-01BB-4109-882B-8B211DA9A102}"
EndProject
Project("{8BC9CEB8-8B4A-11D0-8D11-00A0C91BC942}") = "Ex02", "Ex02\Ex02.vcxproj", "{30B6789A-FAF3-497E-8A57-074B1DD1D70A}"
EndProject
Project("{8BC9CEB8-8B4A-11D0-8D11-00A0C91BC942}") = "Ex03", "Ex03\Ex03.vcxproj", "{BA9F49DA-77D4-42E9-B1BD-30CC70333F19}"
EndProject
Project("{8BC9CEB8-8B4A-11D0-8D11-00A0C91BC942}") = "Ex04", "Ex04\Ex04.vcxproj", "{04B4E06B-AEA6-4789-A236-042E26D56B4D}"
EndProject
Project("{8BC9CEB8-8B4A-11D0-8D11-00A0C91BC942}") = "Ex05", "Ex05\Ex05.vcxproj", "{BCF4DDEB-DF02-49C8-ACBD-C9AC7A34AD88}"
EndProject
Project("{8BC9CEB8-8B4A-11D0-8D11-00A0C91BC942}") = "Ex06", "Ex06\Ex06.vcxproj", "{EB876558-DE51-46C7-8732-D145B4894ABE}"
EndProject
Project("{8BC9CEB8-8B4A-11D0-8D11-00A0C91BC942}") = "Ex07", "Ex07\Ex07.vcxproj", "{1BBA869C-24BD-4E96-A0BD-FF3B4143545A}"
EndProject
Project("{8BC9CEB8-8B4A-11D0-8D11-00A0C91BC942}") = "Ex08", "Ex08\Ex08.vcxproj", "{96E8D821-48B9-474F-94AC-97EFEC2E8602}"
EndProject
Project("{8BC9CEB8-8B4A-11D0-8D11-00A0C91BC942}") = "Ex10", "Ex10\Ex10.vcxproj", "{E1A03482-69D8-45FC-8B82-10E380EF3D88}"
EndProject
Project("{8BC9CEB8-8B4A-11D0-8D11-00A0C91BC942}") = "Ex09", "Ex09\Ex09.vcxproj", "{E713FC52-3442-4AC9-852C-F3CDB2E408A8}"
EndProject
Project("{8BC9CEB8-8B4A-11D0-8D11-00A0C91BC942}") = "Ex11", "Ex11\Ex11.vcxproj", "{9380BBE5-9C83-41CE-A933-6166CED9C394}"
EndProject
Project("{8BC9CEB8-8B4A-11D0-8D11-00A0C91BC942}") = "Ex12", "Ex12\Ex12.vcxproj", "{D3C7E318-6C04-4943-B5A7-A9889D196BE5}"
EndProject
Project("{8BC9CEB8-8B4A-11D0-8D11-00A0C91BC942}") = "Ex13", "Ex13\Ex13.vcxproj", "{F45AE3D0-F038-4DF6-A697-1DB6A07DA0B8}"
EndProject
Project("{8BC9CEB8-8B4A-11D0-8D11-00A0C91BC942}") = "Ex14", "Ex14\Ex14.vcxproj", "{2CBDB08E-F422-4DCF-9D60-E3E7527B053B}"
EndProject
Global
	GlobalSection(SolutionConfigurationPlatforms) = preSolution
		Debug|x64 = Debug|x64
		Debug|x86 = Debug|x86
		Release|x64 = Release|x64
		Release|x86 = Release|x86
	EndGlobalSection
	GlobalSection(ProjectConfigurationPlatforms) = postSolution
		{6975B715-01BB-4109-882B-8B211DA9A102}.Debug|x64.ActiveCfg = Debug|x64
		{6975B715-01BB-4109-882B-8B211DA9A102}.Debug|x64.Build.0 = Debug|x64
		{6975B715-01BB-4109-882B-8B211DA9A102}.Debug|x86.ActiveCfg = Debug|Win32
		{6975B715-01BB-4109-882B-8B211DA9A102}.Debug|x86.Build.0 = Debug|Win32
		{6975B715-01BB-4109-882B-8B211DA9A102}.Release|x64.ActiveCfg = Release|x64
		{6975B715-01BB-4109-882B-8B211DA9A102}.Release|x64.Build.0 = Release|x64
		{6975B715-01BB-4109-882B-8B211DA9A102}.Release|x86.ActiveCfg = Release|Win32
		{6975B715-01BB-4109-882B-8B211DA9A102}.Release|x86.Build.0 = Release|Win32
		{30B6789A-FAF3-497E-8A57-074B1DD1D70A}.Debug|x64.ActiveCfg = Debug|x64
		{30B6789A-FAF3-497E-8A57-074B1DD1D70A}.Debug|x64.Build.0 = Debug|x64
		{30B6789A-FAF3-497E-8A57-074B1DD1D70A}.Debug|x86.ActiveCfg = Debug|Win32
		{30B6789A-FAF3-497E-8A57-074B1DD1D70A}.Debug|x86.Build.0 = Debug|Win32
		{30B6789A-FAF3-497E-8A57-074B1DD1D70A}.Release|x64.ActiveCfg = Release|x64
		{30B6789A-FAF3-497E-8A57-074B1DD1D70A}.Release|x64.Build.0 = Release|x64
		{30B6789A-FAF3-497E-8A57-074B1DD1D70A}.Release|x86.ActiveCfg = Release|Win32
		{30B6789A-FAF3-497E-8A57-074B1DD1D70A}.Release|x86.Build.0 = Release|Win32
		{BA9F49DA-77D4-42E9-B1BD-30CC70333F19}.Debug|x64.ActiveCfg = Debug|x64
		{BA9F49DA-77D4-42E9-B1BD-30CC70333F19}.Debug|x64.Build.0 = Debug|x64
		{BA9F49DA-77D4-42E9-B1BD-30CC70333F19}.Debug|x86.ActiveCfg = Debug|Win32
		{BA9F49DA-77D4-42E9-B1BD-30CC70333F19}.Debug|x86.Build.0 = Debug|Win32
		{BA9F49DA-77D4-42E9-B1BD-30CC70333F19}.Release|x64.ActiveCfg = Release|x64
		{BA9F49DA-77D4-42E9-B1BD-30CC70333F19}.Release|x64.Build.0 = Release|x64
		{BA9F49DA-77D4-42E9-B1BD-30CC70333F19}.Release|x86.ActiveCfg = Release|Win32
		{BA9F49DA-77D4-42E9-B1BD-30CC70333F19}.Release|x86.Build.0 = Release|Win32
		{04B4E06B-AEA6-4789-A236-042E26D56B4D}.Debug|x64.ActiveCfg = Debug|x64
		{04B4E06B-AEA6-4789-A236-042E26D56B4D}.Debug|x64.Build.0 = Debug|x64
		{04B4E06B-AEA6-4789-A236-042E26D56B4D}.Debug|x86.ActiveCfg = Debug|Win32
		{04B4E06B-AEA6-4789-A236-042E26D56B4D}.Debug|x86.Build.0 = Debug|Win32
		{04B4E06B-AEA6-4789-A236-042E26D56B4D}.Release|x64.ActiveCfg = Release|x64
		{04B4E06B-AEA6-4789-A236-042E26D56B4D}.Release|x64.Build.0 = Release|x64
		{04B4E06B-AEA6-4789-A236-042E26D56B4D}.Release|x86.ActiveCfg = Release|Win32
		{04B4E06B-AEA6-4789-A236-042E26D56B4D}.Release|x86.Build.0 = Release|Win32
		{BCF4DDEB-DF02-49C8-ACBD-C9AC7A34AD88}.Debug|x64.ActiveCfg = Debug|x64
		{BCF4DDEB-DF02-49C8-ACBD-C9AC7A34AD88}.Debug|x64.Build.0 = Debug|x64
		{BCF4DDEB-DF02-49C8-ACBD-C9AC7A34AD88}.Debug|x86.ActiveCfg = Debug|Win32
		{BCF4DDEB-DF02-49C8-ACBD-C9AC7A34AD88}.Debug|x86.Build.0 = Debug|Win32
		{BCF4DDEB-DF02-49C8-ACBD-C9AC7A34AD88}.Release|x64.ActiveCfg = Release|x64
		{BCF4DDEB-DF02-49C8-ACBD-C9AC7A34AD88}.Release|x64.Build.0 = Release|x64
		{BCF4DDEB-DF02-49C8-ACBD-C9AC7A34AD88}.Release|x86.ActiveCfg = Release|Win32
		{BCF4DDEB-DF02-49C8-ACBD-C9AC7A34AD88}.Release|x86.Build.0 = Release|Win32
		{EB876558-DE51-46C7-8732-D145B4894ABE}.Debug|x64.ActiveCfg = Debug|x64
		{EB876558-DE51-46C7-8732-D145B4894ABE}.Debug|x64.Build.0 = Debug|x64
		{EB876558-DE51-46C7-8732-D145B4894ABE}.Debug|x86.ActiveCfg = Debug|Win32
		{EB876558-DE51-46C7-8732-D145B4894ABE}.Debug|x86.Build.0 = Debug|Win32
		{EB876558-DE51-46C7-8732-D145B4894ABE}.Release|x64.ActiveCfg = Release|x64
		{EB876558-DE51-46C7-8732-D145B4894ABE}.Release|x64.Build.0 = Release|x64
		{EB876558-DE51-46C7-8732-D145B4894ABE}.Release|x86.ActiveCfg = Release|Win32
		{EB876558-DE51-46C7-8732-D145B4894ABE}.Release|x86.Build.0 = Release|Win32
		{1BBA869C-24BD-4E96-A0BD-FF3B4143545A}.Debug|x64.ActiveCfg = Debug|x64
		{1BBA869C-24BD-4E96-A0BD-FF3B4143545A}.Debug|x64.Build.0 = Debug|x64
		{1BBA869C-24BD-4E96-A0BD-FF3B4143545A}.Debug|x86.ActiveCfg = Debug|Win32
		{1BBA869C-24BD-4E96-A0BD-FF3B4143545A}.Debug|x86.Build.0 = Debug|Win32
		{1BBA869C-24BD-4E96-A0BD-FF3B4143545A}.Release|x64.ActiveCfg = Release|x64
		{1BBA869C-24BD-4E96-A0BD-FF3B4143545A}.Release|x64.Build.0 = Release|x64
		{1BBA869C-24BD-4E96-A0BD-FF3B4143545A}.Release|x86.ActiveCfg = Release|Win32
		{1BBA869C-24BD-4E96-A0BD-FF3B4143545A}.Release|x86.Build.0 = Release|Win32
		{96E8D821-48B9-474F-94AC-97EFEC2E8602}.Debug|x64.ActiveCfg = Debug|x64
		{96E8D821-48B9-474F-94AC-97EFEC2E8602}.Debug|x64.Build.0 = Debug|x64
		{96E8D821-48B9-474F-94AC-97EFEC2E8602}.Debug|x86.ActiveCfg = Debug|Win32
		{96E8D821-48B9-474F-94AC-97EFEC2E8602}.Debug|x86.Build.0 = Debug|Win32
		{96E8D821-48B9-474F-94AC-97EFEC2E8602}.Release|x64.ActiveCfg = Release|x64
		{96E8D821-48B9-474F-94AC-97EFEC2E8602}.Release|x64.Build.0 = Release|x64
		{96E8D821-48B9-474F-94AC-97EFEC2E8602}.Release|x86.ActiveCfg = Release|Win32
		{96E8D821-48B9-474F-94AC-97EFEC2E8602}.Release|x86.Build.0 = Release|Win32
		{E1A03482-69D8-45FC-8B82-10E380EF3D88}.Debug|x64.ActiveCfg = Debug|x64
		{E1A03482-69D8-45FC-8B82-10E380EF3D88}.Debug|x64.Build.0 = Debug|x64
		{E1A03482-69D8-45FC-8B82-10E380EF3D88}.Debug|x86.ActiveCfg = Debug|Win32
		{E1A03482-69D8-45FC-8B82-10E380EF3D88}.Debug|x86.Build.0 = Debug|Win32
		{E1A03482-69D8-45FC-8B82-10E380EF3D88}.Release|x64.ActiveCfg = Release|x64
		{E1A03482-69D8-45FC-8B82-10E380EF3D88}.Release|x64.Build.0 = Release|x64
		{E1A03482-69D8-45FC-8B82-10E380EF3D88}.Release|x86.ActiveCfg = Release|Win32
		{E1A03482-69D8-45FC-8B82-10E380EF3D88}.Release|x86.Build.0 = Release|Win32
		{E713FC52-3442-4AC9-852C-F3CDB2E408A8}.Debug|x64.ActiveCfg = Debug|x64
		{E713FC52-3442-4AC9-852C-F3CDB2E408A8}.Debug|x64.Build.0 = Debug|x64
		{E713FC52-3442-4AC9-852C-F3CDB2E408A8}.Debug|x86.ActiveCfg = Debug|Win32
		{E713FC52-3442-4AC9-852C-F3CDB2E408A8}.Debug|x86.Build.0 = Debug|Win32
		{E713FC52-3442-4AC9-852C-F3CDB2E408A8}.Release|x64.ActiveCfg = Release|x64
		{E713FC52-3442-4AC9-852C-F3CDB2E408A8}.Release|x64.Build.0 = Release|x64
		{E713FC52-3442-4AC9-852C-F3CDB2E408A8}.Release|x86.ActiveCfg = Release|Win32
		{E713FC52-3442-4AC9-852C-F3CDB2E408A8}.Release|x86.Build.0 = Release|Win32
		{9380BBE5-9C83-41CE-A933-6166CED9C394}.Debug|x64.ActiveCfg = Debug|x64
		{9380BBE5-9C83-41CE-A933-6166CED9C394}.Debug|x64.Build.0 = Debug|x64
		{9380BBE5-9C83-41CE-A933-6166CED9C394}.Debug|x86.ActiveCfg = Debug|Win32
		{9380BBE5-9C83-41CE-A933-6166CED9C394}.Debug|x86.Build.0 = Debug|Win32
		{9380BBE5-9C83-41CE-A933-6166CED9C394}.Release|x64.ActiveCfg = Release|x64
		{9380BBE5-9C83-41CE-A933-6166CED9C394}.Release|x64.Build.0 = Release|x64
		{9380BBE5-9C83-41CE-A933-6166CED9C394}.Release|x86.ActiveCfg = Release|Win32
		{9380BBE5-9C83-41CE-A933-6166CED9C394}.Release|x86.Build.0 = Release|Win32
		{D3C7E318-6C04-4943-B5A7-A9889D196BE5}.Debug|x64.ActiveCfg = Debug|x64
		{D3C7E318-6C04-4943-B5A7-A9889D196BE5}.Debug|x64.Build.0 = Debug|x64
		{D3C7E318-6C04-4943-B5A7-A9889D196BE5}.Debug|x86.ActiveCfg = Debug|Win32
		{D3C7E318-6C04-4943-B5A7-A9889D196BE5}.Debug|x86.Build.0 = Debug|Win32
		{D3C7E318-6C04-4943-B5A7-A9889D196BE5}.Release|x64.ActiveCfg = Release|x64
		{D3C7E318-6C04-4943-B5A7-A9889D196BE5}.Release|x64.Build.0 = Release|x64
		{D3C7E318-6C04-4943-B5A7-A9889D196BE5}.Release|x86.ActiveCfg = Release|Win32
		{D3C7E318-6C04-4943-B5A7-A9889D196BE5}.Release|x86.Build.0 = Release|Win32
		{F45AE3D0-F038-4DF6-A697-1DB6A07DA0B8}.Debug|x64.ActiveCfg = Debug|x64
		{F45AE3D0-F038-4DF6-A697-1DB6A07DA0B8}.Debug|x64.Build.0 = Debug|x64
		{F45AE3D0-F038-4DF6-A697-1DB6A07DA0B8}.Debug|x86.ActiveCfg = Debug|Win32
		{F45AE3D0-F038-4DF6-A697-1DB6A07DA0B8}.Debug|x86.Build.0 = Debug|Win32
		{F45AE3D0-F038-4DF6-A697-1DB6A07DA0B8}.Release|x64.ActiveCfg = Release|x64
		{F45AE3D0-F038-4DF6-A697-1DB6A07DA0B8}.Release|x64.Build.0 = Release|x64
		{F45AE3D0-F038-4DF6-A697-1DB6A07DA0B8}.Release|x86.ActiveCfg = Release|Win32
		{F45AE3D0-F038-4DF6-A697-1DB6A07DA0B8}.Release|x86.Build.0 = Release|Win32
		{2CBDB08E-F422-4DCF-9D60-E3E7527B053B}.Debug|x64.ActiveCfg = Debug|x64
		{2CBDB08E-F422-4DCF-9D60-E3E7527B053B}.Debug|x64.Build.0 = Debug|x64
		{2CBDB08E-F422-4DCF-9D60-E3E7527B053B}.Debug|x86.ActiveCfg = Debug|Win32
		{2CBDB08E-F422-4DCF-9D60-E3E7527B053B}.Debug|x86.Build.0 = Debug|Win32
		{2CBDB08E-F422-4DCF-9D60-E3E7527B053B}.Release|x64.ActiveCfg = Release|x64
		{2CBDB08E-F422-4DCF-9D60-E3E7527B053B}.Release|x64.Build.0 = Release|x64
		{2CBDB08E-F422-4DCF-9D60-E3E7527B053B}.Release|x86.ActiveCfg = Release|Win32
		{2CBDB08E-F422-4DCF-9D60-E3E7527B053B}.Release|x86.Build.0 = Release|Win32
	EndGlobalSection
	GlobalSection(SolutionProperties) = preSolution
		HideSolutionNode = FALSE
	EndGlobalSection
	GlobalSection(ExtensibilityGlobals) = postSolution
		SolutionGuid = {77E61920-CD55-4F4D-8A41-2ECD86898E03}
	EndGlobalSection
EndGlobal
