
Microsoft Visual Studio Solution File, Format Version 12.00
# Visual Studio Version 17
VisualStudioVersion = 17.7.34202.233
MinimumVisualStudioVersion = 10.0.40219.1
Project("{8BC9CEB8-8B4A-11D0-8D11-00A0C91BC942}") = "Ex01", "Ex01\Ex01.vcxproj", "{C2004BA1-16E4-44F0-BE2F-6ABD66643219}"
EndProject
Project("{8BC9CEB8-8B4A-11D0-8D11-00A0C91BC942}") = "Ex02", "Ex02\Ex02.vcxproj", "{722CCD4C-0BB3-43E4-8354-0A176451312B}"
EndProject
Project("{8BC9CEB8-8B4A-11D0-8D11-00A0C91BC942}") = "Ex03", "Ex03\Ex03.vcxproj", "{3CEF842A-D386-4DCE-8178-4E9245EFD56D}"
EndProject
Project("{8BC9CEB8-8B4A-11D0-8D11-00A0C91BC942}") = "Ex04", "Ex04\Ex04.vcxproj", "{6BE0BBDA-2136-454D-83BF-E7F2C047DAA2}"
EndProject
Project("{8BC9CEB8-8B4A-11D0-8D11-00A0C91BC942}") = "Ex05", "Ex05\Ex05.vcxproj", "{8141680B-135C-4E53-A471-CFFC30920DA3}"
EndProject
Project("{8BC9CEB8-8B4A-11D0-8D11-00A0C91BC942}") = "Ex06", "Ex06\Ex06.vcxproj", "{91BD7FE6-E3FB-45A9-AFD8-AEB8D8B0108A}"
EndProject
Project("{8BC9CEB8-8B4A-11D0-8D11-00A0C91BC942}") = "Ex07", "Ex07\Ex07.vcxproj", "{6D42F9D7-D3CE-4A72-A256-80886FDF20FE}"
EndProject
Project("{8BC9CEB8-8B4A-11D0-8D11-00A0C91BC942}") = "Ex08", "Ex08\Ex08.vcxproj", "{5CD739DF-647D-4353-8983-0898CE9ED6FC}"
EndProject
Project("{8BC9CEB8-8B4A-11D0-8D11-00A0C91BC942}") = "Ex09", "Ex09\Ex09.vcxproj", "{5C81E09D-F20C-4147-A6DA-58216DF24347}"
EndProject
Global
	GlobalSection(SolutionConfigurationPlatforms) = preSolution
		Debug|x64 = Debug|x64
		Debug|x86 = Debug|x86
		Release|x64 = Release|x64
		Release|x86 = Release|x86
	EndGlobalSection
	GlobalSection(ProjectConfigurationPlatforms) = postSolution
		{C2004BA1-16E4-44F0-BE2F-6ABD66643219}.Debug|x64.ActiveCfg = Debug|x64
		{C2004BA1-16E4-44F0-BE2F-6ABD66643219}.Debug|x64.Build.0 = Debug|x64
		{C2004BA1-16E4-44F0-BE2F-6ABD66643219}.Debug|x86.ActiveCfg = Debug|Win32
		{C2004BA1-16E4-44F0-BE2F-6ABD66643219}.Debug|x86.Build.0 = Debug|Win32
		{C2004BA1-16E4-44F0-BE2F-6ABD66643219}.Release|x64.ActiveCfg = Release|x64
		{C2004BA1-16E4-44F0-BE2F-6ABD66643219}.Release|x64.Build.0 = Release|x64
		{C2004BA1-16E4-44F0-BE2F-6ABD66643219}.Release|x86.ActiveCfg = Release|Win32
		{C2004BA1-16E4-44F0-BE2F-6ABD66643219}.Release|x86.Build.0 = Release|Win32
		{722CCD4C-0BB3-43E4-8354-0A176451312B}.Debug|x64.ActiveCfg = Debug|x64
		{722CCD4C-0BB3-43E4-8354-0A176451312B}.Debug|x64.Build.0 = Debug|x64
		{722CCD4C-0BB3-43E4-8354-0A176451312B}.Debug|x86.ActiveCfg = Debug|Win32
		{722CCD4C-0BB3-43E4-8354-0A176451312B}.Debug|x86.Build.0 = Debug|Win32
		{722CCD4C-0BB3-43E4-8354-0A176451312B}.Release|x64.ActiveCfg = Release|x64
		{722CCD4C-0BB3-43E4-8354-0A176451312B}.Release|x64.Build.0 = Release|x64
		{722CCD4C-0BB3-43E4-8354-0A176451312B}.Release|x86.ActiveCfg = Release|Win32
		{722CCD4C-0BB3-43E4-8354-0A176451312B}.Release|x86.Build.0 = Release|Win32
		{3CEF842A-D386-4DCE-8178-4E9245EFD56D}.Debug|x64.ActiveCfg = Debug|x64
		{3CEF842A-D386-4DCE-8178-4E9245EFD56D}.Debug|x64.Build.0 = Debug|x64
		{3CEF842A-D386-4DCE-8178-4E9245EFD56D}.Debug|x86.ActiveCfg = Debug|Win32
		{3CEF842A-D386-4DCE-8178-4E9245EFD56D}.Debug|x86.Build.0 = Debug|Win32
		{3CEF842A-D386-4DCE-8178-4E9245EFD56D}.Release|x64.ActiveCfg = Release|x64
		{3CEF842A-D386-4DCE-8178-4E9245EFD56D}.Release|x64.Build.0 = Release|x64
		{3CEF842A-D386-4DCE-8178-4E9245EFD56D}.Release|x86.ActiveCfg = Release|Win32
		{3CEF842A-D386-4DCE-8178-4E9245EFD56D}.Release|x86.Build.0 = Release|Win32
		{6BE0BBDA-2136-454D-83BF-E7F2C047DAA2}.Debug|x64.ActiveCfg = Debug|x64
		{6BE0BBDA-2136-454D-83BF-E7F2C047DAA2}.Debug|x64.Build.0 = Debug|x64
		{6BE0BBDA-2136-454D-83BF-E7F2C047DAA2}.Debug|x86.ActiveCfg = Debug|Win32
		{6BE0BBDA-2136-454D-83BF-E7F2C047DAA2}.Debug|x86.Build.0 = Debug|Win32
		{6BE0BBDA-2136-454D-83BF-E7F2C047DAA2}.Release|x64.ActiveCfg = Release|x64
		{6BE0BBDA-2136-454D-83BF-E7F2C047DAA2}.Release|x64.Build.0 = Release|x64
		{6BE0BBDA-2136-454D-83BF-E7F2C047DAA2}.Release|x86.ActiveCfg = Release|Win32
		{6BE0BBDA-2136-454D-83BF-E7F2C047DAA2}.Release|x86.Build.0 = Release|Win32
		{8141680B-135C-4E53-A471-CFFC30920DA3}.Debug|x64.ActiveCfg = Debug|x64
		{8141680B-135C-4E53-A471-CFFC30920DA3}.Debug|x64.Build.0 = Debug|x64
		{8141680B-135C-4E53-A471-CFFC30920DA3}.Debug|x86.ActiveCfg = Debug|Win32
		{8141680B-135C-4E53-A471-CFFC30920DA3}.Debug|x86.Build.0 = Debug|Win32
		{8141680B-135C-4E53-A471-CFFC30920DA3}.Release|x64.ActiveCfg = Release|x64
		{8141680B-135C-4E53-A471-CFFC30920DA3}.Release|x64.Build.0 = Release|x64
		{8141680B-135C-4E53-A471-CFFC30920DA3}.Release|x86.ActiveCfg = Release|Win32
		{8141680B-135C-4E53-A471-CFFC30920DA3}.Release|x86.Build.0 = Release|Win32
		{91BD7FE6-E3FB-45A9-AFD8-AEB8D8B0108A}.Debug|x64.ActiveCfg = Debug|x64
		{91BD7FE6-E3FB-45A9-AFD8-AEB8D8B0108A}.Debug|x64.Build.0 = Debug|x64
		{91BD7FE6-E3FB-45A9-AFD8-AEB8D8B0108A}.Debug|x86.ActiveCfg = Debug|Win32
		{91BD7FE6-E3FB-45A9-AFD8-AEB8D8B0108A}.Debug|x86.Build.0 = Debug|Win32
		{91BD7FE6-E3FB-45A9-AFD8-AEB8D8B0108A}.Release|x64.ActiveCfg = Release|x64
		{91BD7FE6-E3FB-45A9-AFD8-AEB8D8B0108A}.Release|x64.Build.0 = Release|x64
		{91BD7FE6-E3FB-45A9-AFD8-AEB8D8B0108A}.Release|x86.ActiveCfg = Release|Win32
		{91BD7FE6-E3FB-45A9-AFD8-AEB8D8B0108A}.Release|x86.Build.0 = Release|Win32
		{6D42F9D7-D3CE-4A72-A256-80886FDF20FE}.Debug|x64.ActiveCfg = Debug|x64
		{6D42F9D7-D3CE-4A72-A256-80886FDF20FE}.Debug|x64.Build.0 = Debug|x64
		{6D42F9D7-D3CE-4A72-A256-80886FDF20FE}.Debug|x86.ActiveCfg = Debug|Win32
		{6D42F9D7-D3CE-4A72-A256-80886FDF20FE}.Debug|x86.Build.0 = Debug|Win32
		{6D42F9D7-D3CE-4A72-A256-80886FDF20FE}.Release|x64.ActiveCfg = Release|x64
		{6D42F9D7-D3CE-4A72-A256-80886FDF20FE}.Release|x64.Build.0 = Release|x64
		{6D42F9D7-D3CE-4A72-A256-80886FDF20FE}.Release|x86.ActiveCfg = Release|Win32
		{6D42F9D7-D3CE-4A72-A256-80886FDF20FE}.Release|x86.Build.0 = Release|Win32
		{5CD739DF-647D-4353-8983-0898CE9ED6FC}.Debug|x64.ActiveCfg = Debug|x64
		{5CD739DF-647D-4353-8983-0898CE9ED6FC}.Debug|x64.Build.0 = Debug|x64
		{5CD739DF-647D-4353-8983-0898CE9ED6FC}.Debug|x86.ActiveCfg = Debug|Win32
		{5CD739DF-647D-4353-8983-0898CE9ED6FC}.Debug|x86.Build.0 = Debug|Win32
		{5CD739DF-647D-4353-8983-0898CE9ED6FC}.Release|x64.ActiveCfg = Release|x64
		{5CD739DF-647D-4353-8983-0898CE9ED6FC}.Release|x64.Build.0 = Release|x64
		{5CD739DF-647D-4353-8983-0898CE9ED6FC}.Release|x86.ActiveCfg = Release|Win32
		{5CD739DF-647D-4353-8983-0898CE9ED6FC}.Release|x86.Build.0 = Release|Win32
		{5C81E09D-F20C-4147-A6DA-58216DF24347}.Debug|x64.ActiveCfg = Debug|x64
		{5C81E09D-F20C-4147-A6DA-58216DF24347}.Debug|x64.Build.0 = Debug|x64
		{5C81E09D-F20C-4147-A6DA-58216DF24347}.Debug|x86.ActiveCfg = Debug|Win32
		{5C81E09D-F20C-4147-A6DA-58216DF24347}.Debug|x86.Build.0 = Debug|Win32
		{5C81E09D-F20C-4147-A6DA-58216DF24347}.Release|x64.ActiveCfg = Release|x64
		{5C81E09D-F20C-4147-A6DA-58216DF24347}.Release|x64.Build.0 = Release|x64
		{5C81E09D-F20C-4147-A6DA-58216DF24347}.Release|x86.ActiveCfg = Release|Win32
		{5C81E09D-F20C-4147-A6DA-58216DF24347}.Release|x86.Build.0 = Release|Win32
	EndGlobalSection
	GlobalSection(SolutionProperties) = preSolution
		HideSolutionNode = FALSE
	EndGlobalSection
	GlobalSection(ExtensibilityGlobals) = postSolution
		SolutionGuid = {4963CEDF-CA7C-44D9-8639-61FEE4994D19}
	EndGlobalSection
EndGlobal
