
Microsoft Visual Studio Solution File, Format Version 12.00
# Visual Studio Version 17
VisualStudioVersion = 17.7.34202.233
MinimumVisualStudioVersion = 10.0.40219.1
Project("{8BC9CEB8-8B4A-11D0-8D11-00A0C91BC942}") = "Ex01", "Ex01\Ex01.vcxproj", "{0B54AB42-F7FA-4846-9FBA-9117D1EB390E}"
EndProject
Project("{8BC9CEB8-8B4A-11D0-8D11-00A0C91BC942}") = "Ex02", "Ex02\Ex02.vcxproj", "{6B67A07E-B613-4B53-ABA5-452C3567ED60}"
EndProject
Project("{8BC9CEB8-8B4A-11D0-8D11-00A0C91BC942}") = "Ex03", "Ẽ03\Ẽ03.vcxproj", "{569120DC-2F21-40C3-A3D4-B170CB31A9B0}"
EndProject
Project("{8BC9CEB8-8B4A-11D0-8D11-00A0C91BC942}") = "Ex04", "Ex04\Ex04.vcxproj", "{779820BC-583E-4A18-8120-B84AF0E2114A}"
EndProject
Project("{8BC9CEB8-8B4A-11D0-8D11-00A0C91BC942}") = "Ex05", "Ex05\Ex05.vcxproj", "{497D4968-3401-4C08-AF41-C8398507AF5F}"
EndProject
Project("{8BC9CEB8-8B4A-11D0-8D11-00A0C91BC942}") = "Ex06", "Ex06\Ex06.vcxproj", "{16E5CBE8-D4DE-4334-A238-B62200A91C82}"
EndProject
Project("{8BC9CEB8-8B4A-11D0-8D11-00A0C91BC942}") = "Ex07", "Ex07\Ex07.vcxproj", "{80B86B86-A7DC-4CBA-A06F-AAC1E9D00D7C}"
EndProject
Project("{8BC9CEB8-8B4A-11D0-8D11-00A0C91BC942}") = "Ex08", "Ex08\Ex08.vcxproj", "{37622301-F281-4C2A-8311-A231514294F2}"
EndProject
Project("{8BC9CEB8-8B4A-11D0-8D11-00A0C91BC942}") = "Ex09", "Ex09\Ex09.vcxproj", "{AB4E9D65-92CF-4DAB-833C-DCA7D67F408B}"
EndProject
Project("{8BC9CEB8-8B4A-11D0-8D11-00A0C91BC942}") = "Ex10", "Ex10\Ex10.vcxproj", "{97403EC5-3E17-4596-94BF-B175A5AB2FEF}"
EndProject
Project("{8BC9CEB8-8B4A-11D0-8D11-00A0C91BC942}") = "Ex11", "Ex11\Ex11.vcxproj", "{AB611980-D679-4DF7-BC31-16199E4B7EAF}"
EndProject
Project("{8BC9CEB8-8B4A-11D0-8D11-00A0C91BC942}") = "Ex12", "Ex12\Ex12.vcxproj", "{543BE10C-0246-4BA5-8668-37F56B38A16A}"
EndProject
Project("{8BC9CEB8-8B4A-11D0-8D11-00A0C91BC942}") = "Ex13", "Ex13\Ex13.vcxproj", "{0BD6BF89-4C8C-4130-8F3B-B317B76840D8}"
EndProject
Global
	GlobalSection(SolutionConfigurationPlatforms) = preSolution
		Debug|x64 = Debug|x64
		Debug|x86 = Debug|x86
		Release|x64 = Release|x64
		Release|x86 = Release|x86
	EndGlobalSection
	GlobalSection(ProjectConfigurationPlatforms) = postSolution
		{0B54AB42-F7FA-4846-9FBA-9117D1EB390E}.Debug|x64.ActiveCfg = Debug|x64
		{0B54AB42-F7FA-4846-9FBA-9117D1EB390E}.Debug|x64.Build.0 = Debug|x64
		{0B54AB42-F7FA-4846-9FBA-9117D1EB390E}.Debug|x86.ActiveCfg = Debug|Win32
		{0B54AB42-F7FA-4846-9FBA-9117D1EB390E}.Debug|x86.Build.0 = Debug|Win32
		{0B54AB42-F7FA-4846-9FBA-9117D1EB390E}.Release|x64.ActiveCfg = Release|x64
		{0B54AB42-F7FA-4846-9FBA-9117D1EB390E}.Release|x64.Build.0 = Release|x64
		{0B54AB42-F7FA-4846-9FBA-9117D1EB390E}.Release|x86.ActiveCfg = Release|Win32
		{0B54AB42-F7FA-4846-9FBA-9117D1EB390E}.Release|x86.Build.0 = Release|Win32
		{6B67A07E-B613-4B53-ABA5-452C3567ED60}.Debug|x64.ActiveCfg = Debug|x64
		{6B67A07E-B613-4B53-ABA5-452C3567ED60}.Debug|x64.Build.0 = Debug|x64
		{6B67A07E-B613-4B53-ABA5-452C3567ED60}.Debug|x86.ActiveCfg = Debug|Win32
		{6B67A07E-B613-4B53-ABA5-452C3567ED60}.Debug|x86.Build.0 = Debug|Win32
		{6B67A07E-B613-4B53-ABA5-452C3567ED60}.Release|x64.ActiveCfg = Release|x64
		{6B67A07E-B613-4B53-ABA5-452C3567ED60}.Release|x64.Build.0 = Release|x64
		{6B67A07E-B613-4B53-ABA5-452C3567ED60}.Release|x86.ActiveCfg = Release|Win32
		{6B67A07E-B613-4B53-ABA5-452C3567ED60}.Release|x86.Build.0 = Release|Win32
		{569120DC-2F21-40C3-A3D4-B170CB31A9B0}.Debug|x64.ActiveCfg = Debug|x64
		{569120DC-2F21-40C3-A3D4-B170CB31A9B0}.Debug|x64.Build.0 = Debug|x64
		{569120DC-2F21-40C3-A3D4-B170CB31A9B0}.Debug|x86.ActiveCfg = Debug|Win32
		{569120DC-2F21-40C3-A3D4-B170CB31A9B0}.Debug|x86.Build.0 = Debug|Win32
		{569120DC-2F21-40C3-A3D4-B170CB31A9B0}.Release|x64.ActiveCfg = Release|x64
		{569120DC-2F21-40C3-A3D4-B170CB31A9B0}.Release|x64.Build.0 = Release|x64
		{569120DC-2F21-40C3-A3D4-B170CB31A9B0}.Release|x86.ActiveCfg = Release|Win32
		{569120DC-2F21-40C3-A3D4-B170CB31A9B0}.Release|x86.Build.0 = Release|Win32
		{779820BC-583E-4A18-8120-B84AF0E2114A}.Debug|x64.ActiveCfg = Debug|x64
		{779820BC-583E-4A18-8120-B84AF0E2114A}.Debug|x64.Build.0 = Debug|x64
		{779820BC-583E-4A18-8120-B84AF0E2114A}.Debug|x86.ActiveCfg = Debug|Win32
		{779820BC-583E-4A18-8120-B84AF0E2114A}.Debug|x86.Build.0 = Debug|Win32
		{779820BC-583E-4A18-8120-B84AF0E2114A}.Release|x64.ActiveCfg = Release|x64
		{779820BC-583E-4A18-8120-B84AF0E2114A}.Release|x64.Build.0 = Release|x64
		{779820BC-583E-4A18-8120-B84AF0E2114A}.Release|x86.ActiveCfg = Release|Win32
		{779820BC-583E-4A18-8120-B84AF0E2114A}.Release|x86.Build.0 = Release|Win32
		{497D4968-3401-4C08-AF41-C8398507AF5F}.Debug|x64.ActiveCfg = Debug|x64
		{497D4968-3401-4C08-AF41-C8398507AF5F}.Debug|x64.Build.0 = Debug|x64
		{497D4968-3401-4C08-AF41-C8398507AF5F}.Debug|x86.ActiveCfg = Debug|Win32
		{497D4968-3401-4C08-AF41-C8398507AF5F}.Debug|x86.Build.0 = Debug|Win32
		{497D4968-3401-4C08-AF41-C8398507AF5F}.Release|x64.ActiveCfg = Release|x64
		{497D4968-3401-4C08-AF41-C8398507AF5F}.Release|x64.Build.0 = Release|x64
		{497D4968-3401-4C08-AF41-C8398507AF5F}.Release|x86.ActiveCfg = Release|Win32
		{497D4968-3401-4C08-AF41-C8398507AF5F}.Release|x86.Build.0 = Release|Win32
		{16E5CBE8-D4DE-4334-A238-B62200A91C82}.Debug|x64.ActiveCfg = Debug|x64
		{16E5CBE8-D4DE-4334-A238-B62200A91C82}.Debug|x64.Build.0 = Debug|x64
		{16E5CBE8-D4DE-4334-A238-B62200A91C82}.Debug|x86.ActiveCfg = Debug|Win32
		{16E5CBE8-D4DE-4334-A238-B62200A91C82}.Debug|x86.Build.0 = Debug|Win32
		{16E5CBE8-D4DE-4334-A238-B62200A91C82}.Release|x64.ActiveCfg = Release|x64
		{16E5CBE8-D4DE-4334-A238-B62200A91C82}.Release|x64.Build.0 = Release|x64
		{16E5CBE8-D4DE-4334-A238-B62200A91C82}.Release|x86.ActiveCfg = Release|Win32
		{16E5CBE8-D4DE-4334-A238-B62200A91C82}.Release|x86.Build.0 = Release|Win32
		{80B86B86-A7DC-4CBA-A06F-AAC1E9D00D7C}.Debug|x64.ActiveCfg = Debug|x64
		{80B86B86-A7DC-4CBA-A06F-AAC1E9D00D7C}.Debug|x64.Build.0 = Debug|x64
		{80B86B86-A7DC-4CBA-A06F-AAC1E9D00D7C}.Debug|x86.ActiveCfg = Debug|Win32
		{80B86B86-A7DC-4CBA-A06F-AAC1E9D00D7C}.Debug|x86.Build.0 = Debug|Win32
		{80B86B86-A7DC-4CBA-A06F-AAC1E9D00D7C}.Release|x64.ActiveCfg = Release|x64
		{80B86B86-A7DC-4CBA-A06F-AAC1E9D00D7C}.Release|x64.Build.0 = Release|x64
		{80B86B86-A7DC-4CBA-A06F-AAC1E9D00D7C}.Release|x86.ActiveCfg = Release|Win32
		{80B86B86-A7DC-4CBA-A06F-AAC1E9D00D7C}.Release|x86.Build.0 = Release|Win32
		{37622301-F281-4C2A-8311-A231514294F2}.Debug|x64.ActiveCfg = Debug|x64
		{37622301-F281-4C2A-8311-A231514294F2}.Debug|x64.Build.0 = Debug|x64
		{37622301-F281-4C2A-8311-A231514294F2}.Debug|x86.ActiveCfg = Debug|Win32
		{37622301-F281-4C2A-8311-A231514294F2}.Debug|x86.Build.0 = Debug|Win32
		{37622301-F281-4C2A-8311-A231514294F2}.Release|x64.ActiveCfg = Release|x64
		{37622301-F281-4C2A-8311-A231514294F2}.Release|x64.Build.0 = Release|x64
		{37622301-F281-4C2A-8311-A231514294F2}.Release|x86.ActiveCfg = Release|Win32
		{37622301-F281-4C2A-8311-A231514294F2}.Release|x86.Build.0 = Release|Win32
		{AB4E9D65-92CF-4DAB-833C-DCA7D67F408B}.Debug|x64.ActiveCfg = Debug|x64
		{AB4E9D65-92CF-4DAB-833C-DCA7D67F408B}.Debug|x64.Build.0 = Debug|x64
		{AB4E9D65-92CF-4DAB-833C-DCA7D67F408B}.Debug|x86.ActiveCfg = Debug|Win32
		{AB4E9D65-92CF-4DAB-833C-DCA7D67F408B}.Debug|x86.Build.0 = Debug|Win32
		{AB4E9D65-92CF-4DAB-833C-DCA7D67F408B}.Release|x64.ActiveCfg = Release|x64
		{AB4E9D65-92CF-4DAB-833C-DCA7D67F408B}.Release|x64.Build.0 = Release|x64
		{AB4E9D65-92CF-4DAB-833C-DCA7D67F408B}.Release|x86.ActiveCfg = Release|Win32
		{AB4E9D65-92CF-4DAB-833C-DCA7D67F408B}.Release|x86.Build.0 = Release|Win32
		{97403EC5-3E17-4596-94BF-B175A5AB2FEF}.Debug|x64.ActiveCfg = Debug|x64
		{97403EC5-3E17-4596-94BF-B175A5AB2FEF}.Debug|x64.Build.0 = Debug|x64
		{97403EC5-3E17-4596-94BF-B175A5AB2FEF}.Debug|x86.ActiveCfg = Debug|Win32
		{97403EC5-3E17-4596-94BF-B175A5AB2FEF}.Debug|x86.Build.0 = Debug|Win32
		{97403EC5-3E17-4596-94BF-B175A5AB2FEF}.Release|x64.ActiveCfg = Release|x64
		{97403EC5-3E17-4596-94BF-B175A5AB2FEF}.Release|x64.Build.0 = Release|x64
		{97403EC5-3E17-4596-94BF-B175A5AB2FEF}.Release|x86.ActiveCfg = Release|Win32
		{97403EC5-3E17-4596-94BF-B175A5AB2FEF}.Release|x86.Build.0 = Release|Win32
		{AB611980-D679-4DF7-BC31-16199E4B7EAF}.Debug|x64.ActiveCfg = Debug|x64
		{AB611980-D679-4DF7-BC31-16199E4B7EAF}.Debug|x64.Build.0 = Debug|x64
		{AB611980-D679-4DF7-BC31-16199E4B7EAF}.Debug|x86.ActiveCfg = Debug|Win32
		{AB611980-D679-4DF7-BC31-16199E4B7EAF}.Debug|x86.Build.0 = Debug|Win32
		{AB611980-D679-4DF7-BC31-16199E4B7EAF}.Release|x64.ActiveCfg = Release|x64
		{AB611980-D679-4DF7-BC31-16199E4B7EAF}.Release|x64.Build.0 = Release|x64
		{AB611980-D679-4DF7-BC31-16199E4B7EAF}.Release|x86.ActiveCfg = Release|Win32
		{AB611980-D679-4DF7-BC31-16199E4B7EAF}.Release|x86.Build.0 = Release|Win32
		{543BE10C-0246-4BA5-8668-37F56B38A16A}.Debug|x64.ActiveCfg = Debug|x64
		{543BE10C-0246-4BA5-8668-37F56B38A16A}.Debug|x64.Build.0 = Debug|x64
		{543BE10C-0246-4BA5-8668-37F56B38A16A}.Debug|x86.ActiveCfg = Debug|Win32
		{543BE10C-0246-4BA5-8668-37F56B38A16A}.Debug|x86.Build.0 = Debug|Win32
		{543BE10C-0246-4BA5-8668-37F56B38A16A}.Release|x64.ActiveCfg = Release|x64
		{543BE10C-0246-4BA5-8668-37F56B38A16A}.Release|x64.Build.0 = Release|x64
		{543BE10C-0246-4BA5-8668-37F56B38A16A}.Release|x86.ActiveCfg = Release|Win32
		{543BE10C-0246-4BA5-8668-37F56B38A16A}.Release|x86.Build.0 = Release|Win32
		{0BD6BF89-4C8C-4130-8F3B-B317B76840D8}.Debug|x64.ActiveCfg = Debug|x64
		{0BD6BF89-4C8C-4130-8F3B-B317B76840D8}.Debug|x64.Build.0 = Debug|x64
		{0BD6BF89-4C8C-4130-8F3B-B317B76840D8}.Debug|x86.ActiveCfg = Debug|Win32
		{0BD6BF89-4C8C-4130-8F3B-B317B76840D8}.Debug|x86.Build.0 = Debug|Win32
		{0BD6BF89-4C8C-4130-8F3B-B317B76840D8}.Release|x64.ActiveCfg = Release|x64
		{0BD6BF89-4C8C-4130-8F3B-B317B76840D8}.Release|x64.Build.0 = Release|x64
		{0BD6BF89-4C8C-4130-8F3B-B317B76840D8}.Release|x86.ActiveCfg = Release|Win32
		{0BD6BF89-4C8C-4130-8F3B-B317B76840D8}.Release|x86.Build.0 = Release|Win32
	EndGlobalSection
	GlobalSection(SolutionProperties) = preSolution
		HideSolutionNode = FALSE
	EndGlobalSection
	GlobalSection(ExtensibilityGlobals) = postSolution
		SolutionGuid = {8E4EDA3F-37DF-4C2A-9CCD-361BB23FAE3D}
	EndGlobalSection
EndGlobal
